[root]
name = "d3d12_integration_test"
version = "0.3.0"
dependencies = [
 "cgmath 0.9.1 (registry+https://github.com/rust-lang/crates.io-index)",
 "crossbeam 0.2.9 (registry+https://github.com/rust-lang/crates.io-index)",
 "d2d1-sys 0.0.1 (git+https://github.com/red75prime/winapi-rs/?branch=D2D1_IIDs)",
 "d3dcompiler-sys 0.2.0 (git+https://github.com/red75prime/winapi-rs/?branch=D2D1_IIDs)",
 "dwrite-sys 0.2.0 (git+https://github.com/red75prime/winapi-rs/?branch=D2D1_IIDs)",
 "dxgi-sys 0.2.0 (git+https://github.com/red75prime/winapi-rs/?branch=D2D1_IIDs)",
 "dxguid-sys 0.2.0 (git+https://github.com/red75prime/winapi-rs/?branch=D2D1_IIDs)",
 "dxsafe 0.3.2 (git+https://github.com/red75prime/rusty-com-port/)",
 "env_logger 0.3.3 (registry+https://github.com/rust-lang/crates.io-index)",
 "itertools 0.4.15 (registry+https://github.com/rust-lang/crates.io-index)",
 "kernel32-sys 0.2.2 (git+https://github.com/red75prime/winapi-rs/?branch=D2D1_IIDs)",
 "lazy_static 0.1.16 (registry+https://github.com/rust-lang/crates.io-index)",
 "libc 0.2.12 (registry+https://github.com/rust-lang/crates.io-index)",
 "log 0.3.6 (registry+https://github.com/rust-lang/crates.io-index)",
 "nalgebra 0.8.2 (registry+https://github.com/rust-lang/crates.io-index)",
 "ncollide 0.9.1 (registry+https://github.com/rust-lang/crates.io-index)",
 "obj 0.4.0 (registry+https://github.com/rust-lang/crates.io-index)",
 "openal-rs 0.1.4 (registry+https://github.com/rust-lang/crates.io-index)",
 "rand 0.3.14 (registry+https://github.com/rust-lang/crates.io-index)",
 "time 0.1.35 (registry+https://github.com/rust-lang/crates.io-index)",
 "user32-sys 0.2.0 (git+https://github.com/red75prime/winapi-rs/?branch=D2D1_IIDs)",
 "winapi 0.2.7 (git+https://github.com/red75prime/winapi-rs/?branch=D2D1_IIDs)",
]

[[package]]
name = "aho-corasick"
version = "0.5.2"
source = "registry+https://github.com/rust-lang/crates.io-index"
dependencies = [
 "memchr 0.1.11 (registry+https://github.com/rust-lang/crates.io-index)",
]

[[package]]
name = "cgmath"
version = "0.9.1"
source = "registry+https://github.com/rust-lang/crates.io-index"
dependencies = [
 "num 0.1.32 (registry+https://github.com/rust-lang/crates.io-index)",
 "rand 0.3.14 (registry+https://github.com/rust-lang/crates.io-index)",
 "rustc-serialize 0.3.19 (registry+https://github.com/rust-lang/crates.io-index)",
]

[[package]]
name = "crossbeam"
version = "0.2.9"
source = "registry+https://github.com/rust-lang/crates.io-index"

[[package]]
name = "d2d1-sys"
version = "0.0.1"
source = "git+https://github.com/red75prime/winapi-rs/?branch=D2D1_IIDs#9104b26079645d76d460a5d3aa783ce791b95b2c"
dependencies = [
 "winapi 0.2.7 (git+https://github.com/red75prime/winapi-rs/?branch=D2D1_IIDs)",
 "winapi-build 0.1.1 (git+https://github.com/red75prime/winapi-rs/?branch=D2D1_IIDs)",
]

[[package]]
name = "d3dcompiler-sys"
version = "0.2.0"
source = "git+https://github.com/red75prime/winapi-rs/?branch=D2D1_IIDs#9104b26079645d76d460a5d3aa783ce791b95b2c"
dependencies = [
 "winapi 0.2.7 (git+https://github.com/red75prime/winapi-rs/?branch=D2D1_IIDs)",
 "winapi-build 0.1.1 (git+https://github.com/red75prime/winapi-rs/?branch=D2D1_IIDs)",
]

[[package]]
name = "dwrite-sys"
version = "0.2.0"
source = "git+https://github.com/red75prime/winapi-rs/?branch=D2D1_IIDs#9104b26079645d76d460a5d3aa783ce791b95b2c"
dependencies = [
 "winapi 0.2.7 (git+https://github.com/red75prime/winapi-rs/?branch=D2D1_IIDs)",
 "winapi-build 0.1.1 (git+https://github.com/red75prime/winapi-rs/?branch=D2D1_IIDs)",
]

[[package]]
name = "dxgi-sys"
version = "0.2.0"
source = "git+https://github.com/red75prime/winapi-rs/?branch=D2D1_IIDs#9104b26079645d76d460a5d3aa783ce791b95b2c"
dependencies = [
 "winapi 0.2.7 (git+https://github.com/red75prime/winapi-rs/?branch=D2D1_IIDs)",
 "winapi-build 0.1.1 (git+https://github.com/red75prime/winapi-rs/?branch=D2D1_IIDs)",
]

[[package]]
name = "dxguid-sys"
version = "0.2.0"
source = "git+https://github.com/red75prime/winapi-rs/?branch=D2D1_IIDs#9104b26079645d76d460a5d3aa783ce791b95b2c"
dependencies = [
 "winapi 0.2.7 (git+https://github.com/red75prime/winapi-rs/?branch=D2D1_IIDs)",
]

[[package]]
name = "dxsafe"
version = "0.3.2"
source = "git+https://github.com/red75prime/rusty-com-port/#1ca12fea2195b320f8f184e634bc2cd9360857ff"
dependencies = [
 "dxguid-sys 0.2.0 (git+https://github.com/red75prime/winapi-rs/?branch=D2D1_IIDs)",
 "libc 0.2.12 (registry+https://github.com/rust-lang/crates.io-index)",
 "winapi 0.2.7 (git+https://github.com/red75prime/winapi-rs/?branch=D2D1_IIDs)",
]

[[package]]
name = "env_logger"
version = "0.3.3"
source = "registry+https://github.com/rust-lang/crates.io-index"
dependencies = [
 "log 0.3.6 (registry+https://github.com/rust-lang/crates.io-index)",
 "regex 0.1.71 (registry+https://github.com/rust-lang/crates.io-index)",
]

[[package]]
name = "itertools"
version = "0.4.15"
source = "registry+https://github.com/rust-lang/crates.io-index"

[[package]]
name = "kernel32-sys"
version = "0.2.2"
source = "git+https://github.com/red75prime/winapi-rs/?branch=D2D1_IIDs#9104b26079645d76d460a5d3aa783ce791b95b2c"
dependencies = [
 "winapi 0.2.7 (git+https://github.com/red75prime/winapi-rs/?branch=D2D1_IIDs)",
 "winapi-build 0.1.1 (git+https://github.com/red75prime/winapi-rs/?branch=D2D1_IIDs)",
]

[[package]]
name = "kernel32-sys"
version = "0.2.2"
source = "registry+https://github.com/rust-lang/crates.io-index"
dependencies = [
 "winapi 0.2.7 (registry+https://github.com/rust-lang/crates.io-index)",
 "winapi-build 0.1.1 (registry+https://github.com/rust-lang/crates.io-index)",
]

[[package]]
name = "lazy_static"
version = "0.1.16"
source = "registry+https://github.com/rust-lang/crates.io-index"

[[package]]
name = "libc"
version = "0.2.12"
source = "registry+https://github.com/rust-lang/crates.io-index"

[[package]]
name = "log"
version = "0.3.6"
source = "registry+https://github.com/rust-lang/crates.io-index"

[[package]]
name = "memchr"
version = "0.1.11"
source = "registry+https://github.com/rust-lang/crates.io-index"
dependencies = [
 "libc 0.2.12 (registry+https://github.com/rust-lang/crates.io-index)",
]

[[package]]
name = "nalgebra"
version = "0.8.2"
source = "registry+https://github.com/rust-lang/crates.io-index"
dependencies = [
 "num 0.1.32 (registry+https://github.com/rust-lang/crates.io-index)",
 "rand 0.3.14 (registry+https://github.com/rust-lang/crates.io-index)",
 "rustc-serialize 0.3.19 (registry+https://github.com/rust-lang/crates.io-index)",
]

[[package]]
name = "ncollide"
version = "0.9.1"
source = "registry+https://github.com/rust-lang/crates.io-index"
dependencies = [
 "ncollide_geometry 0.1.1 (registry+https://github.com/rust-lang/crates.io-index)",
 "ncollide_math 0.4.0 (registry+https://github.com/rust-lang/crates.io-index)",
 "ncollide_pipeline 0.8.1 (registry+https://github.com/rust-lang/crates.io-index)",
 "ncollide_procedural 0.4.0 (registry+https://github.com/rust-lang/crates.io-index)",
 "ncollide_transformation 0.4.0 (registry+https://github.com/rust-lang/crates.io-index)",
 "ncollide_utils 0.4.0 (registry+https://github.com/rust-lang/crates.io-index)",
]

[[package]]
name = "ncollide_geometry"
version = "0.1.1"
source = "registry+https://github.com/rust-lang/crates.io-index"
dependencies = [
 "nalgebra 0.8.2 (registry+https://github.com/rust-lang/crates.io-index)",
 "ncollide_math 0.4.0 (registry+https://github.com/rust-lang/crates.io-index)",
 "ncollide_utils 0.4.0 (registry+https://github.com/rust-lang/crates.io-index)",
 "num 0.1.32 (registry+https://github.com/rust-lang/crates.io-index)",
 "rustc-serialize 0.3.19 (registry+https://github.com/rust-lang/crates.io-index)",
]

[[package]]
name = "ncollide_math"
version = "0.4.0"
source = "registry+https://github.com/rust-lang/crates.io-index"
dependencies = [
 "nalgebra 0.8.2 (registry+https://github.com/rust-lang/crates.io-index)",
 "num 0.1.32 (registry+https://github.com/rust-lang/crates.io-index)",
 "rand 0.3.14 (registry+https://github.com/rust-lang/crates.io-index)",
 "rustc-serialize 0.3.19 (registry+https://github.com/rust-lang/crates.io-index)",
]

[[package]]
name = "ncollide_pipeline"
version = "0.8.1"
source = "registry+https://github.com/rust-lang/crates.io-index"
dependencies = [
 "nalgebra 0.8.2 (registry+https://github.com/rust-lang/crates.io-index)",
 "ncollide_geometry 0.1.1 (registry+https://github.com/rust-lang/crates.io-index)",
 "ncollide_math 0.4.0 (registry+https://github.com/rust-lang/crates.io-index)",
 "ncollide_utils 0.4.0 (registry+https://github.com/rust-lang/crates.io-index)",
 "rustc-serialize 0.3.19 (registry+https://github.com/rust-lang/crates.io-index)",
]

[[package]]
name = "ncollide_procedural"
version = "0.4.0"
source = "registry+https://github.com/rust-lang/crates.io-index"
dependencies = [
 "nalgebra 0.8.2 (registry+https://github.com/rust-lang/crates.io-index)",
 "ncollide_math 0.4.0 (registry+https://github.com/rust-lang/crates.io-index)",
 "ncollide_utils 0.4.0 (registry+https://github.com/rust-lang/crates.io-index)",
 "num 0.1.32 (registry+https://github.com/rust-lang/crates.io-index)",
 "rustc-serialize 0.3.19 (registry+https://github.com/rust-lang/crates.io-index)",
]

[[package]]
name = "ncollide_transformation"
version = "0.4.0"
source = "registry+https://github.com/rust-lang/crates.io-index"
dependencies = [
 "nalgebra 0.8.2 (registry+https://github.com/rust-lang/crates.io-index)",
 "ncollide_geometry 0.1.1 (registry+https://github.com/rust-lang/crates.io-index)",
 "ncollide_math 0.4.0 (registry+https://github.com/rust-lang/crates.io-index)",
 "ncollide_procedural 0.4.0 (registry+https://github.com/rust-lang/crates.io-index)",
 "ncollide_utils 0.4.0 (registry+https://github.com/rust-lang/crates.io-index)",
 "num 0.1.32 (registry+https://github.com/rust-lang/crates.io-index)",
 "rustc-serialize 0.3.19 (registry+https://github.com/rust-lang/crates.io-index)",
]

[[package]]
name = "ncollide_utils"
version = "0.4.0"
source = "registry+https://github.com/rust-lang/crates.io-index"
dependencies = [
 "nalgebra 0.8.2 (registry+https://github.com/rust-lang/crates.io-index)",
 "ncollide_math 0.4.0 (registry+https://github.com/rust-lang/crates.io-index)",
 "num 0.1.32 (registry+https://github.com/rust-lang/crates.io-index)",
 "rand 0.3.14 (registry+https://github.com/rust-lang/crates.io-index)",
 "rustc-serialize 0.3.19 (registry+https://github.com/rust-lang/crates.io-index)",
]

[[package]]
name = "num"
version = "0.1.32"
source = "registry+https://github.com/rust-lang/crates.io-index"
dependencies = [
 "num-bigint 0.1.32 (registry+https://github.com/rust-lang/crates.io-index)",
 "num-complex 0.1.32 (registry+https://github.com/rust-lang/crates.io-index)",
 "num-integer 0.1.32 (registry+https://github.com/rust-lang/crates.io-index)",
 "num-iter 0.1.32 (registry+https://github.com/rust-lang/crates.io-index)",
 "num-rational 0.1.32 (registry+https://github.com/rust-lang/crates.io-index)",
 "num-traits 0.1.32 (registry+https://github.com/rust-lang/crates.io-index)",
]

[[package]]
name = "num-bigint"
version = "0.1.32"
source = "registry+https://github.com/rust-lang/crates.io-index"
dependencies = [
 "num-integer 0.1.32 (registry+https://github.com/rust-lang/crates.io-index)",
 "num-traits 0.1.32 (registry+https://github.com/rust-lang/crates.io-index)",
 "rand 0.3.14 (registry+https://github.com/rust-lang/crates.io-index)",
 "rustc-serialize 0.3.19 (registry+https://github.com/rust-lang/crates.io-index)",
]

[[package]]
name = "num-complex"
version = "0.1.32"
source = "registry+https://github.com/rust-lang/crates.io-index"
dependencies = [
 "num-traits 0.1.32 (registry+https://github.com/rust-lang/crates.io-index)",
 "rustc-serialize 0.3.19 (registry+https://github.com/rust-lang/crates.io-index)",
]

[[package]]
name = "num-integer"
version = "0.1.32"
source = "registry+https://github.com/rust-lang/crates.io-index"
dependencies = [
 "num-traits 0.1.32 (registry+https://github.com/rust-lang/crates.io-index)",
]

[[package]]
name = "num-iter"
version = "0.1.32"
source = "registry+https://github.com/rust-lang/crates.io-index"
dependencies = [
 "num-integer 0.1.32 (registry+https://github.com/rust-lang/crates.io-index)",
 "num-traits 0.1.32 (registry+https://github.com/rust-lang/crates.io-index)",
]

[[package]]
name = "num-rational"
version = "0.1.32"
source = "registry+https://github.com/rust-lang/crates.io-index"
dependencies = [
 "num-bigint 0.1.32 (registry+https://github.com/rust-lang/crates.io-index)",
 "num-integer 0.1.32 (registry+https://github.com/rust-lang/crates.io-index)",
 "num-traits 0.1.32 (registry+https://github.com/rust-lang/crates.io-index)",
 "rustc-serialize 0.3.19 (registry+https://github.com/rust-lang/crates.io-index)",
]

[[package]]
name = "num-traits"
version = "0.1.32"
source = "registry+https://github.com/rust-lang/crates.io-index"

[[package]]
name = "obj"
version = "0.4.0"
source = "registry+https://github.com/rust-lang/crates.io-index"

[[package]]
name = "openal-rs"
version = "0.1.4"
source = "registry+https://github.com/rust-lang/crates.io-index"
dependencies = [
 "libc 0.2.12 (registry+https://github.com/rust-lang/crates.io-index)",
]

[[package]]
name = "rand"
version = "0.3.14"
source = "registry+https://github.com/rust-lang/crates.io-index"
dependencies = [
 "libc 0.2.12 (registry+https://github.com/rust-lang/crates.io-index)",
]

[[package]]
name = "regex"
version = "0.1.71"
source = "registry+https://github.com/rust-lang/crates.io-index"
dependencies = [
 "aho-corasick 0.5.2 (registry+https://github.com/rust-lang/crates.io-index)",
 "memchr 0.1.11 (registry+https://github.com/rust-lang/crates.io-index)",
 "regex-syntax 0.3.3 (registry+https://github.com/rust-lang/crates.io-index)",
 "thread_local 0.2.6 (registry+https://github.com/rust-lang/crates.io-index)",
 "utf8-ranges 0.1.3 (registry+https://github.com/rust-lang/crates.io-index)",
]

[[package]]
name = "regex-syntax"
version = "0.3.3"
source = "registry+https://github.com/rust-lang/crates.io-index"

[[package]]
name = "rustc-serialize"
version = "0.3.19"
source = "registry+https://github.com/rust-lang/crates.io-index"

[[package]]
name = "thread-id"
version = "2.0.0"
source = "registry+https://github.com/rust-lang/crates.io-index"
dependencies = [
 "kernel32-sys 0.2.2 (registry+https://github.com/rust-lang/crates.io-index)",
 "libc 0.2.12 (registry+https://github.com/rust-lang/crates.io-index)",
]

[[package]]
name = "thread_local"
version = "0.2.6"
source = "registry+https://github.com/rust-lang/crates.io-index"
dependencies = [
 "thread-id 2.0.0 (registry+https://github.com/rust-lang/crates.io-index)",
]

[[package]]
name = "time"
version = "0.1.35"
source = "registry+https://github.com/rust-lang/crates.io-index"
dependencies = [
 "kernel32-sys 0.2.2 (registry+https://github.com/rust-lang/crates.io-index)",
 "libc 0.2.12 (registry+https://github.com/rust-lang/crates.io-index)",
 "winapi 0.2.7 (registry+https://github.com/rust-lang/crates.io-index)",
]

[[package]]
name = "user32-sys"
version = "0.2.0"
source = "git+https://github.com/red75prime/winapi-rs/?branch=D2D1_IIDs#9104b26079645d76d460a5d3aa783ce791b95b2c"
dependencies = [
 "winapi 0.2.7 (git+https://github.com/red75prime/winapi-rs/?branch=D2D1_IIDs)",
 "winapi-build 0.1.1 (git+https://github.com/red75prime/winapi-rs/?branch=D2D1_IIDs)",
]

[[package]]
name = "utf8-ranges"
version = "0.1.3"
source = "registry+https://github.com/rust-lang/crates.io-index"

[[package]]
name = "winapi"
version = "0.2.7"
source = "git+https://github.com/red75prime/winapi-rs/?branch=D2D1_IIDs#9104b26079645d76d460a5d3aa783ce791b95b2c"

[[package]]
name = "winapi"
version = "0.2.7"
source = "registry+https://github.com/rust-lang/crates.io-index"

[[package]]
name = "winapi-build"
version = "0.1.1"
source = "git+https://github.com/red75prime/winapi-rs/?branch=D2D1_IIDs#9104b26079645d76d460a5d3aa783ce791b95b2c"

[[package]]
name = "winapi-build"
version = "0.1.1"
source = "registry+https://github.com/rust-lang/crates.io-index"

