[root]
name = "d3d12_safe"
version = "0.3.0"
dependencies = [
 "d3d12_sys 0.0.1 (git+https://github.com/red75prime/winapi-rs?branch=dx12)",
 "dxguid-sys 0.0.1 (git+https://github.com/red75prime/winapi-rs?branch=dx12)",
 "libc 0.1.10 (registry+https://github.com/rust-lang/crates.io-index)",
 "winapi 0.2.3 (git+https://github.com/red75prime/winapi-rs?branch=dx12)",
 "winapi-build 0.1.1 (git+https://github.com/red75prime/winapi-rs?branch=dx12)",
]

[[package]]
name = "d3d12_sys"
version = "0.0.1"
source = "git+https://github.com/red75prime/winapi-rs?branch=dx12#d73ae8edc6bee013d6aa899f6e78b3d5de357e80"
dependencies = [
 "libc 0.1.10 (registry+https://github.com/rust-lang/crates.io-index)",
 "winapi 0.2.3 (git+https://github.com/red75prime/winapi-rs?branch=dx12)",
 "winapi-build 0.1.1 (git+https://github.com/red75prime/winapi-rs?branch=dx12)",
]

[[package]]
name = "dxguid-sys"
version = "0.0.1"
source = "git+https://github.com/red75prime/winapi-rs?branch=dx12#d73ae8edc6bee013d6aa899f6e78b3d5de357e80"
dependencies = [
 "winapi 0.2.3 (git+https://github.com/red75prime/winapi-rs?branch=dx12)",
 "winapi-build 0.1.1 (git+https://github.com/red75prime/winapi-rs?branch=dx12)",
]

[[package]]
name = "libc"
version = "0.1.10"
source = "registry+https://github.com/rust-lang/crates.io-index"

[[package]]
name = "winapi"
version = "0.2.3"
source = "git+https://github.com/red75prime/winapi-rs?branch=dx12#d73ae8edc6bee013d6aa899f6e78b3d5de357e80"

[[package]]
name = "winapi-build"
version = "0.1.1"
source = "git+https://github.com/red75prime/winapi-rs?branch=dx12#d73ae8edc6bee013d6aa899f6e78b3d5de357e80"

