[root]
name = "d3d12_integration_test"
version = "0.3.0"
dependencies = [
 "cgmath 0.12.0 (registry+https://github.com/rust-lang/crates.io-index)",
 "crossbeam 0.2.10 (registry+https://github.com/rust-lang/crates.io-index)",
 "d2d1-sys 0.0.1 (git+https://github.com/red75prime/winapi-rs/?branch=D2D1_IIDs)",
 "d3dcompiler-sys 0.2.0 (git+https://github.com/red75prime/winapi-rs/?branch=D2D1_IIDs)",
 "dwrite-sys 0.2.0 (git+https://github.com/red75prime/winapi-rs/?branch=D2D1_IIDs)",
 "dxgi-sys 0.2.0 (git+https://github.com/red75prime/winapi-rs/?branch=D2D1_IIDs)",
 "dxguid-sys 0.2.0 (git+https://github.com/red75prime/winapi-rs/?branch=D2D1_IIDs)",
 "dxsafe 0.5.6 (git+https://github.com/red75prime/rusty-com-port/)",
 "env_logger 0.3.5 (registry+https://github.com/rust-lang/crates.io-index)",
 "getopts 0.2.14 (registry+https://github.com/rust-lang/crates.io-index)",
 "image 0.10.3 (registry+https://github.com/rust-lang/crates.io-index)",
 "itertools 0.4.19 (registry+https://github.com/rust-lang/crates.io-index)",
 "kernel32-sys 0.2.2 (git+https://github.com/red75prime/winapi-rs/?branch=D2D1_IIDs)",
 "lazy_static 0.1.16 (registry+https://github.com/rust-lang/crates.io-index)",
 "libc 0.2.17 (registry+https://github.com/rust-lang/crates.io-index)",
 "log 0.3.6 (registry+https://github.com/rust-lang/crates.io-index)",
 "nalgebra 0.9.0 (registry+https://github.com/rust-lang/crates.io-index)",
 "ncollide 0.10.0 (registry+https://github.com/rust-lang/crates.io-index)",
 "obj 0.4.0 (registry+https://github.com/rust-lang/crates.io-index)",
 "openal-rs 0.1.6 (registry+https://github.com/rust-lang/crates.io-index)",
 "rand 0.3.14 (registry+https://github.com/rust-lang/crates.io-index)",
 "time 0.1.35 (registry+https://github.com/rust-lang/crates.io-index)",
 "user32-sys 0.2.0 (git+https://github.com/red75prime/winapi-rs/?branch=D2D1_IIDs)",
 "winapi 0.2.7 (git+https://github.com/red75prime/winapi-rs/?branch=D2D1_IIDs)",
]

[[package]]
name = "aho-corasick"
version = "0.5.3"
source = "registry+https://github.com/rust-lang/crates.io-index"
dependencies = [
 "memchr 0.1.11 (registry+https://github.com/rust-lang/crates.io-index)",
]

[[package]]
name = "approx"
version = "0.1.1"
source = "registry+https://github.com/rust-lang/crates.io-index"

[[package]]
name = "byteorder"
version = "0.5.3"
source = "registry+https://github.com/rust-lang/crates.io-index"

[[package]]
name = "cgmath"
version = "0.12.0"
source = "registry+https://github.com/rust-lang/crates.io-index"
dependencies = [
 "approx 0.1.1 (registry+https://github.com/rust-lang/crates.io-index)",
 "num-traits 0.1.36 (registry+https://github.com/rust-lang/crates.io-index)",
 "rand 0.3.14 (registry+https://github.com/rust-lang/crates.io-index)",
]

[[package]]
name = "crossbeam"
version = "0.2.10"
source = "registry+https://github.com/rust-lang/crates.io-index"

[[package]]
name = "d2d1-sys"
version = "0.0.1"
source = "git+https://github.com/red75prime/winapi-rs/?branch=D2D1_IIDs#9104b26079645d76d460a5d3aa783ce791b95b2c"
dependencies = [
 "winapi 0.2.7 (git+https://github.com/red75prime/winapi-rs/?branch=D2D1_IIDs)",
 "winapi-build 0.1.1 (git+https://github.com/red75prime/winapi-rs/?branch=D2D1_IIDs)",
]

[[package]]
name = "d3dcompiler-sys"
version = "0.2.0"
source = "git+https://github.com/red75prime/winapi-rs/?branch=D2D1_IIDs#9104b26079645d76d460a5d3aa783ce791b95b2c"
dependencies = [
 "winapi 0.2.7 (git+https://github.com/red75prime/winapi-rs/?branch=D2D1_IIDs)",
 "winapi-build 0.1.1 (git+https://github.com/red75prime/winapi-rs/?branch=D2D1_IIDs)",
]

[[package]]
name = "dwrite-sys"
version = "0.2.0"
source = "git+https://github.com/red75prime/winapi-rs/?branch=D2D1_IIDs#9104b26079645d76d460a5d3aa783ce791b95b2c"
dependencies = [
 "winapi 0.2.7 (git+https://github.com/red75prime/winapi-rs/?branch=D2D1_IIDs)",
 "winapi-build 0.1.1 (git+https://github.com/red75prime/winapi-rs/?branch=D2D1_IIDs)",
]

[[package]]
name = "dxgi-sys"
version = "0.2.0"
source = "git+https://github.com/red75prime/winapi-rs/?branch=D2D1_IIDs#9104b26079645d76d460a5d3aa783ce791b95b2c"
dependencies = [
 "winapi 0.2.7 (git+https://github.com/red75prime/winapi-rs/?branch=D2D1_IIDs)",
 "winapi-build 0.1.1 (git+https://github.com/red75prime/winapi-rs/?branch=D2D1_IIDs)",
]

[[package]]
name = "dxguid-sys"
version = "0.2.0"
source = "git+https://github.com/red75prime/winapi-rs/?branch=D2D1_IIDs#9104b26079645d76d460a5d3aa783ce791b95b2c"
dependencies = [
 "winapi 0.2.7 (git+https://github.com/red75prime/winapi-rs/?branch=D2D1_IIDs)",
]

[[package]]
name = "dxsafe"
version = "0.5.6"
source = "git+https://github.com/red75prime/rusty-com-port/#aad8f66f09413a87a7743045510f4250c6d70298"
dependencies = [
 "dxguid-sys 0.2.0 (git+https://github.com/red75prime/winapi-rs/?branch=D2D1_IIDs)",
 "libc 0.2.17 (registry+https://github.com/rust-lang/crates.io-index)",
 "winapi 0.2.7 (git+https://github.com/red75prime/winapi-rs/?branch=D2D1_IIDs)",
]

[[package]]
name = "enum_primitive"
version = "0.1.0"
source = "registry+https://github.com/rust-lang/crates.io-index"
dependencies = [
 "num 0.1.36 (registry+https://github.com/rust-lang/crates.io-index)",
]

[[package]]
name = "env_logger"
version = "0.3.5"
source = "registry+https://github.com/rust-lang/crates.io-index"
dependencies = [
 "log 0.3.6 (registry+https://github.com/rust-lang/crates.io-index)",
 "regex 0.1.77 (registry+https://github.com/rust-lang/crates.io-index)",
]

[[package]]
name = "getopts"
version = "0.2.14"
source = "registry+https://github.com/rust-lang/crates.io-index"

[[package]]
name = "glob"
version = "0.2.11"
source = "registry+https://github.com/rust-lang/crates.io-index"

[[package]]
name = "image"
version = "0.10.3"
source = "registry+https://github.com/rust-lang/crates.io-index"
dependencies = [
 "byteorder 0.5.3 (registry+https://github.com/rust-lang/crates.io-index)",
 "enum_primitive 0.1.0 (registry+https://github.com/rust-lang/crates.io-index)",
 "glob 0.2.11 (registry+https://github.com/rust-lang/crates.io-index)",
 "num-iter 0.1.32 (registry+https://github.com/rust-lang/crates.io-index)",
 "num-rational 0.1.35 (registry+https://github.com/rust-lang/crates.io-index)",
 "num-traits 0.1.36 (registry+https://github.com/rust-lang/crates.io-index)",
 "scoped_threadpool 0.1.7 (registry+https://github.com/rust-lang/crates.io-index)",
]

[[package]]
name = "itertools"
version = "0.4.19"
source = "registry+https://github.com/rust-lang/crates.io-index"

[[package]]
name = "kernel32-sys"
version = "0.2.2"
source = "git+https://github.com/red75prime/winapi-rs/?branch=D2D1_IIDs#9104b26079645d76d460a5d3aa783ce791b95b2c"
dependencies = [
 "winapi 0.2.7 (git+https://github.com/red75prime/winapi-rs/?branch=D2D1_IIDs)",
 "winapi-build 0.1.1 (git+https://github.com/red75prime/winapi-rs/?branch=D2D1_IIDs)",
]

[[package]]
name = "kernel32-sys"
version = "0.2.2"
source = "registry+https://github.com/rust-lang/crates.io-index"
dependencies = [
 "winapi 0.2.8 (registry+https://github.com/rust-lang/crates.io-index)",
 "winapi-build 0.1.1 (registry+https://github.com/rust-lang/crates.io-index)",
]

[[package]]
name = "lazy_static"
version = "0.1.16"
source = "registry+https://github.com/rust-lang/crates.io-index"

[[package]]
name = "libc"
version = "0.2.17"
source = "registry+https://github.com/rust-lang/crates.io-index"

[[package]]
name = "log"
version = "0.3.6"
source = "registry+https://github.com/rust-lang/crates.io-index"

[[package]]
name = "memchr"
version = "0.1.11"
source = "registry+https://github.com/rust-lang/crates.io-index"
dependencies = [
 "libc 0.2.17 (registry+https://github.com/rust-lang/crates.io-index)",
]

[[package]]
name = "nalgebra"
version = "0.9.0"
source = "registry+https://github.com/rust-lang/crates.io-index"
dependencies = [
 "num 0.1.36 (registry+https://github.com/rust-lang/crates.io-index)",
 "rand 0.3.14 (registry+https://github.com/rust-lang/crates.io-index)",
 "rustc-serialize 0.3.19 (registry+https://github.com/rust-lang/crates.io-index)",
]

[[package]]
name = "ncollide"
version = "0.10.0"
source = "registry+https://github.com/rust-lang/crates.io-index"
dependencies = [
 "ncollide_geometry 0.2.0 (registry+https://github.com/rust-lang/crates.io-index)",
 "ncollide_math 0.5.0 (registry+https://github.com/rust-lang/crates.io-index)",
 "ncollide_pipeline 0.9.0 (registry+https://github.com/rust-lang/crates.io-index)",
 "ncollide_procedural 0.5.0 (registry+https://github.com/rust-lang/crates.io-index)",
 "ncollide_transformation 0.5.0 (registry+https://github.com/rust-lang/crates.io-index)",
 "ncollide_utils 0.5.0 (registry+https://github.com/rust-lang/crates.io-index)",
]

[[package]]
name = "ncollide_geometry"
version = "0.2.0"
source = "registry+https://github.com/rust-lang/crates.io-index"
dependencies = [
 "nalgebra 0.9.0 (registry+https://github.com/rust-lang/crates.io-index)",
 "ncollide_math 0.5.0 (registry+https://github.com/rust-lang/crates.io-index)",
 "ncollide_utils 0.5.0 (registry+https://github.com/rust-lang/crates.io-index)",
 "num 0.1.36 (registry+https://github.com/rust-lang/crates.io-index)",
 "rustc-serialize 0.3.19 (registry+https://github.com/rust-lang/crates.io-index)",
]

[[package]]
name = "ncollide_math"
version = "0.5.0"
source = "registry+https://github.com/rust-lang/crates.io-index"
dependencies = [
 "nalgebra 0.9.0 (registry+https://github.com/rust-lang/crates.io-index)",
 "num 0.1.36 (registry+https://github.com/rust-lang/crates.io-index)",
 "rand 0.3.14 (registry+https://github.com/rust-lang/crates.io-index)",
 "rustc-serialize 0.3.19 (registry+https://github.com/rust-lang/crates.io-index)",
]

[[package]]
name = "ncollide_pipeline"
version = "0.9.0"
source = "registry+https://github.com/rust-lang/crates.io-index"
dependencies = [
 "nalgebra 0.9.0 (registry+https://github.com/rust-lang/crates.io-index)",
 "ncollide_geometry 0.2.0 (registry+https://github.com/rust-lang/crates.io-index)",
 "ncollide_math 0.5.0 (registry+https://github.com/rust-lang/crates.io-index)",
 "ncollide_utils 0.5.0 (registry+https://github.com/rust-lang/crates.io-index)",
 "rustc-serialize 0.3.19 (registry+https://github.com/rust-lang/crates.io-index)",
]

[[package]]
name = "ncollide_procedural"
version = "0.5.0"
source = "registry+https://github.com/rust-lang/crates.io-index"
dependencies = [
 "nalgebra 0.9.0 (registry+https://github.com/rust-lang/crates.io-index)",
 "ncollide_math 0.5.0 (registry+https://github.com/rust-lang/crates.io-index)",
 "ncollide_utils 0.5.0 (registry+https://github.com/rust-lang/crates.io-index)",
 "num 0.1.36 (registry+https://github.com/rust-lang/crates.io-index)",
 "rustc-serialize 0.3.19 (registry+https://github.com/rust-lang/crates.io-index)",
]

[[package]]
name = "ncollide_transformation"
version = "0.5.0"
source = "registry+https://github.com/rust-lang/crates.io-index"
dependencies = [
 "nalgebra 0.9.0 (registry+https://github.com/rust-lang/crates.io-index)",
 "ncollide_geometry 0.2.0 (registry+https://github.com/rust-lang/crates.io-index)",
 "ncollide_math 0.5.0 (registry+https://github.com/rust-lang/crates.io-index)",
 "ncollide_procedural 0.5.0 (registry+https://github.com/rust-lang/crates.io-index)",
 "ncollide_utils 0.5.0 (registry+https://github.com/rust-lang/crates.io-index)",
 "num 0.1.36 (registry+https://github.com/rust-lang/crates.io-index)",
 "rustc-serialize 0.3.19 (registry+https://github.com/rust-lang/crates.io-index)",
]

[[package]]
name = "ncollide_utils"
version = "0.5.0"
source = "registry+https://github.com/rust-lang/crates.io-index"
dependencies = [
 "nalgebra 0.9.0 (registry+https://github.com/rust-lang/crates.io-index)",
 "ncollide_math 0.5.0 (registry+https://github.com/rust-lang/crates.io-index)",
 "num 0.1.36 (registry+https://github.com/rust-lang/crates.io-index)",
 "rand 0.3.14 (registry+https://github.com/rust-lang/crates.io-index)",
 "rustc-serialize 0.3.19 (registry+https://github.com/rust-lang/crates.io-index)",
]

[[package]]
name = "num"
version = "0.1.36"
source = "registry+https://github.com/rust-lang/crates.io-index"
dependencies = [
 "num-bigint 0.1.35 (registry+https://github.com/rust-lang/crates.io-index)",
 "num-complex 0.1.35 (registry+https://github.com/rust-lang/crates.io-index)",
 "num-integer 0.1.32 (registry+https://github.com/rust-lang/crates.io-index)",
 "num-iter 0.1.32 (registry+https://github.com/rust-lang/crates.io-index)",
 "num-rational 0.1.35 (registry+https://github.com/rust-lang/crates.io-index)",
 "num-traits 0.1.36 (registry+https://github.com/rust-lang/crates.io-index)",
]

[[package]]
name = "num-bigint"
version = "0.1.35"
source = "registry+https://github.com/rust-lang/crates.io-index"
dependencies = [
 "num-integer 0.1.32 (registry+https://github.com/rust-lang/crates.io-index)",
 "num-traits 0.1.36 (registry+https://github.com/rust-lang/crates.io-index)",
 "rand 0.3.14 (registry+https://github.com/rust-lang/crates.io-index)",
 "rustc-serialize 0.3.19 (registry+https://github.com/rust-lang/crates.io-index)",
]

[[package]]
name = "num-complex"
version = "0.1.35"
source = "registry+https://github.com/rust-lang/crates.io-index"
dependencies = [
 "num-traits 0.1.36 (registry+https://github.com/rust-lang/crates.io-index)",
 "rustc-serialize 0.3.19 (registry+https://github.com/rust-lang/crates.io-index)",
]

[[package]]
name = "num-integer"
version = "0.1.32"
source = "registry+https://github.com/rust-lang/crates.io-index"
dependencies = [
 "num-traits 0.1.36 (registry+https://github.com/rust-lang/crates.io-index)",
]

[[package]]
name = "num-iter"
version = "0.1.32"
source = "registry+https://github.com/rust-lang/crates.io-index"
dependencies = [
 "num-integer 0.1.32 (registry+https://github.com/rust-lang/crates.io-index)",
 "num-traits 0.1.36 (registry+https://github.com/rust-lang/crates.io-index)",
]

[[package]]
name = "num-rational"
version = "0.1.35"
source = "registry+https://github.com/rust-lang/crates.io-index"
dependencies = [
 "num-bigint 0.1.35 (registry+https://github.com/rust-lang/crates.io-index)",
 "num-integer 0.1.32 (registry+https://github.com/rust-lang/crates.io-index)",
 "num-traits 0.1.36 (registry+https://github.com/rust-lang/crates.io-index)",
 "rustc-serialize 0.3.19 (registry+https://github.com/rust-lang/crates.io-index)",
]

[[package]]
name = "num-traits"
version = "0.1.36"
source = "registry+https://github.com/rust-lang/crates.io-index"

[[package]]
name = "obj"
version = "0.4.0"
source = "registry+https://github.com/rust-lang/crates.io-index"

[[package]]
name = "openal-rs"
version = "0.1.6"
source = "registry+https://github.com/rust-lang/crates.io-index"
dependencies = [
 "libc 0.2.17 (registry+https://github.com/rust-lang/crates.io-index)",
]

[[package]]
name = "rand"
version = "0.3.14"
source = "registry+https://github.com/rust-lang/crates.io-index"
dependencies = [
 "libc 0.2.17 (registry+https://github.com/rust-lang/crates.io-index)",
]

[[package]]
name = "regex"
version = "0.1.77"
source = "registry+https://github.com/rust-lang/crates.io-index"
dependencies = [
 "aho-corasick 0.5.3 (registry+https://github.com/rust-lang/crates.io-index)",
 "memchr 0.1.11 (registry+https://github.com/rust-lang/crates.io-index)",
 "regex-syntax 0.3.7 (registry+https://github.com/rust-lang/crates.io-index)",
 "thread_local 0.2.7 (registry+https://github.com/rust-lang/crates.io-index)",
 "utf8-ranges 0.1.3 (registry+https://github.com/rust-lang/crates.io-index)",
]

[[package]]
name = "regex-syntax"
version = "0.3.7"
source = "registry+https://github.com/rust-lang/crates.io-index"

[[package]]
name = "rustc-serialize"
version = "0.3.19"
source = "registry+https://github.com/rust-lang/crates.io-index"

[[package]]
name = "scoped_threadpool"
version = "0.1.7"
source = "registry+https://github.com/rust-lang/crates.io-index"

[[package]]
name = "thread-id"
version = "2.0.0"
source = "registry+https://github.com/rust-lang/crates.io-index"
dependencies = [
 "kernel32-sys 0.2.2 (registry+https://github.com/rust-lang/crates.io-index)",
 "libc 0.2.17 (registry+https://github.com/rust-lang/crates.io-index)",
]

[[package]]
name = "thread_local"
version = "0.2.7"
source = "registry+https://github.com/rust-lang/crates.io-index"
dependencies = [
 "thread-id 2.0.0 (registry+https://github.com/rust-lang/crates.io-index)",
]

[[package]]
name = "time"
version = "0.1.35"
source = "registry+https://github.com/rust-lang/crates.io-index"
dependencies = [
 "kernel32-sys 0.2.2 (registry+https://github.com/rust-lang/crates.io-index)",
 "libc 0.2.17 (registry+https://github.com/rust-lang/crates.io-index)",
 "winapi 0.2.8 (registry+https://github.com/rust-lang/crates.io-index)",
]

[[package]]
name = "user32-sys"
version = "0.2.0"
source = "git+https://github.com/red75prime/winapi-rs/?branch=D2D1_IIDs#9104b26079645d76d460a5d3aa783ce791b95b2c"
dependencies = [
 "winapi 0.2.7 (git+https://github.com/red75prime/winapi-rs/?branch=D2D1_IIDs)",
 "winapi-build 0.1.1 (git+https://github.com/red75prime/winapi-rs/?branch=D2D1_IIDs)",
]

[[package]]
name = "utf8-ranges"
version = "0.1.3"
source = "registry+https://github.com/rust-lang/crates.io-index"

[[package]]
name = "winapi"
version = "0.2.7"
source = "git+https://github.com/red75prime/winapi-rs/?branch=D2D1_IIDs#9104b26079645d76d460a5d3aa783ce791b95b2c"

[[package]]
name = "winapi"
version = "0.2.8"
source = "registry+https://github.com/rust-lang/crates.io-index"

[[package]]
name = "winapi-build"
version = "0.1.1"
source = "git+https://github.com/red75prime/winapi-rs/?branch=D2D1_IIDs#9104b26079645d76d460a5d3aa783ce791b95b2c"

[[package]]
name = "winapi-build"
version = "0.1.1"
source = "registry+https://github.com/rust-lang/crates.io-index"

[metadata]
"checksum aho-corasick 0.5.3 (registry+https://github.com/rust-lang/crates.io-index)" = "ca972c2ea5f742bfce5687b9aef75506a764f61d37f8f649047846a9686ddb66"
"checksum approx 0.1.1 (registry+https://github.com/rust-lang/crates.io-index)" = "08abcc3b4e9339e33a3d0a5ed15d84a687350c05689d825e0f6655eef9e76a94"
"checksum byteorder 0.5.3 (registry+https://github.com/rust-lang/crates.io-index)" = "0fc10e8cc6b2580fda3f36eb6dc5316657f812a3df879a44a66fc9f0fdbc4855"
"checksum cgmath 0.12.0 (registry+https://github.com/rust-lang/crates.io-index)" = "232472604dbad61c384edfc4d833315d487894826856836b7227b37fe3abe02b"
"checksum crossbeam 0.2.10 (registry+https://github.com/rust-lang/crates.io-index)" = "0c5ea215664ca264da8a9d9c3be80d2eaf30923c259d03e870388eb927508f97"
"checksum d2d1-sys 0.0.1 (git+https://github.com/red75prime/winapi-rs/?branch=D2D1_IIDs)" = "<none>"
"checksum d3dcompiler-sys 0.2.0 (git+https://github.com/red75prime/winapi-rs/?branch=D2D1_IIDs)" = "<none>"
"checksum dwrite-sys 0.2.0 (git+https://github.com/red75prime/winapi-rs/?branch=D2D1_IIDs)" = "<none>"
"checksum dxgi-sys 0.2.0 (git+https://github.com/red75prime/winapi-rs/?branch=D2D1_IIDs)" = "<none>"
"checksum dxguid-sys 0.2.0 (git+https://github.com/red75prime/winapi-rs/?branch=D2D1_IIDs)" = "<none>"
"checksum dxsafe 0.5.6 (git+https://github.com/red75prime/rusty-com-port/)" = "<none>"
"checksum enum_primitive 0.1.0 (registry+https://github.com/rust-lang/crates.io-index)" = "f79eff5be92a4d7d5bddf7daa7d650717ea71628634efe6ca7bcda85b2183c23"
"checksum env_logger 0.3.5 (registry+https://github.com/rust-lang/crates.io-index)" = "15abd780e45b3ea4f76b4e9a26ff4843258dd8a3eed2775a0e7368c2e7936c2f"
"checksum getopts 0.2.14 (registry+https://github.com/rust-lang/crates.io-index)" = "d9047cfbd08a437050b363d35ef160452c5fe8ea5187ae0a624708c91581d685"
"checksum glob 0.2.11 (registry+https://github.com/rust-lang/crates.io-index)" = "8be18de09a56b60ed0edf84bc9df007e30040691af7acd1c41874faac5895bfb"
"checksum image 0.10.3 (registry+https://github.com/rust-lang/crates.io-index)" = "559d5ebbe9ec73111799e49c07717944b244f8accf5de33a8a8128bc3ecd2e00"
"checksum itertools 0.4.19 (registry+https://github.com/rust-lang/crates.io-index)" = "c4a9b56eb56058f43dc66e58f40a214b2ccbc9f3df51861b63d51dec7b65bc3f"
"checksum kernel32-sys 0.2.2 (git+https://github.com/red75prime/winapi-rs/?branch=D2D1_IIDs)" = "<none>"
"checksum kernel32-sys 0.2.2 (registry+https://github.com/rust-lang/crates.io-index)" = "7507624b29483431c0ba2d82aece8ca6cdba9382bff4ddd0f7490560c056098d"
"checksum lazy_static 0.1.16 (registry+https://github.com/rust-lang/crates.io-index)" = "cf186d1a8aa5f5bee5fd662bc9c1b949e0259e1bcc379d1f006847b0080c7417"
"checksum libc 0.2.17 (registry+https://github.com/rust-lang/crates.io-index)" = "044d1360593a78f5c8e5e710beccdc24ab71d1f01bc19a29bcacdba22e8475d8"
"checksum log 0.3.6 (registry+https://github.com/rust-lang/crates.io-index)" = "ab83497bf8bf4ed2a74259c1c802351fcd67a65baa86394b6ba73c36f4838054"
"checksum memchr 0.1.11 (registry+https://github.com/rust-lang/crates.io-index)" = "d8b629fb514376c675b98c1421e80b151d3817ac42d7c667717d282761418d20"
"checksum nalgebra 0.9.0 (registry+https://github.com/rust-lang/crates.io-index)" = "a962b5bbc0c281a284e419a118f781754ed5efeb703953d9a6a790d7f5e1dff8"
"checksum ncollide 0.10.0 (registry+https://github.com/rust-lang/crates.io-index)" = "20a5b8c25769784918002b75ecca7744b8639cc263c07ef00c366fa9759a9ee6"
"checksum ncollide_geometry 0.2.0 (registry+https://github.com/rust-lang/crates.io-index)" = "d9c334eb688c4fb9b6c7adab7d55d79ce21da8d99c62dfc3c17c9ebe9ca8c023"
"checksum ncollide_math 0.5.0 (registry+https://github.com/rust-lang/crates.io-index)" = "02b6d034e51e69922eb3940f74426833efc9683ab9c2f58554f49a0461785ddb"
"checksum ncollide_pipeline 0.9.0 (registry+https://github.com/rust-lang/crates.io-index)" = "df651d9fcd2bc936e36f3ece3d16b21f3356b501ff0f9ea5b6ef4782eee80334"
"checksum ncollide_procedural 0.5.0 (registry+https://github.com/rust-lang/crates.io-index)" = "6a6bedec3151af064dbecad8d4ff5bcb3287fb7638de03411deb0a5d561afc0c"
"checksum ncollide_transformation 0.5.0 (registry+https://github.com/rust-lang/crates.io-index)" = "d42d72529ccf1e4da2a2ca9c82039dc844c4545ec0e32cc119155ed8737014b7"
"checksum ncollide_utils 0.5.0 (registry+https://github.com/rust-lang/crates.io-index)" = "e0412991c538247fb40e50670735040ab43435f1b6fd0efbc7d568e25a8766be"
"checksum num 0.1.36 (registry+https://github.com/rust-lang/crates.io-index)" = "bde7c03b09e7c6a301ee81f6ddf66d7a28ec305699e3d3b056d2fc56470e3120"
"checksum num-bigint 0.1.35 (registry+https://github.com/rust-lang/crates.io-index)" = "88b14378471f7c2adc5262f05b4701ef53e8da376453a8d8fee48e51db745e49"
"checksum num-complex 0.1.35 (registry+https://github.com/rust-lang/crates.io-index)" = "f0c78e054dd19c3fd03419ade63fa661e9c49bb890ce3beb4eee5b7baf93f92f"
"checksum num-integer 0.1.32 (registry+https://github.com/rust-lang/crates.io-index)" = "fb24d9bfb3f222010df27995441ded1e954f8f69cd35021f6bef02ca9552fb92"
"checksum num-iter 0.1.32 (registry+https://github.com/rust-lang/crates.io-index)" = "287a1c9969a847055e1122ec0ea7a5c5d6f72aad97934e131c83d5c08ab4e45c"
"checksum num-rational 0.1.35 (registry+https://github.com/rust-lang/crates.io-index)" = "54ff603b8334a72fbb27fe66948aac0abaaa40231b3cecd189e76162f6f38aaf"
"checksum num-traits 0.1.36 (registry+https://github.com/rust-lang/crates.io-index)" = "a16a42856a256b39c6d3484f097f6713e14feacd9bfb02290917904fae46c81c"
"checksum obj 0.4.0 (registry+https://github.com/rust-lang/crates.io-index)" = "e1eb1eadb115e6eb3bf1ae1032de46dd377bfc4eb71065797a66bba19ab1fc7a"
"checksum openal-rs 0.1.6 (registry+https://github.com/rust-lang/crates.io-index)" = "2ea77b547dd76f0066bc1dc403d34a514c8ea2368dedaafe4032df3b6f1f636d"
"checksum rand 0.3.14 (registry+https://github.com/rust-lang/crates.io-index)" = "2791d88c6defac799c3f20d74f094ca33b9332612d9aef9078519c82e4fe04a5"
"checksum regex 0.1.77 (registry+https://github.com/rust-lang/crates.io-index)" = "64b03446c466d35b42f2a8b203c8e03ed8b91c0f17b56e1f84f7210a257aa665"
"checksum regex-syntax 0.3.7 (registry+https://github.com/rust-lang/crates.io-index)" = "48f0573bcee95a48da786f8823465b5f2a1fae288a55407aca991e5b3e0eae11"
"checksum rustc-serialize 0.3.19 (registry+https://github.com/rust-lang/crates.io-index)" = "6159e4e6e559c81bd706afe9c8fd68f547d3e851ce12e76b1de7914bab61691b"
"checksum scoped_threadpool 0.1.7 (registry+https://github.com/rust-lang/crates.io-index)" = "3ef399c8893e8cb7aa9696e895427fab3a6bf265977bb96e126f24ddd2cda85a"
"checksum thread-id 2.0.0 (registry+https://github.com/rust-lang/crates.io-index)" = "a9539db560102d1cef46b8b78ce737ff0bb64e7e18d35b2a5688f7d097d0ff03"
"checksum thread_local 0.2.7 (registry+https://github.com/rust-lang/crates.io-index)" = "8576dbbfcaef9641452d5cf0df9b0e7eeab7694956dd33bb61515fb8f18cfdd5"
"checksum time 0.1.35 (registry+https://github.com/rust-lang/crates.io-index)" = "3c7ec6d62a20df54e07ab3b78b9a3932972f4b7981de295563686849eb3989af"
"checksum user32-sys 0.2.0 (git+https://github.com/red75prime/winapi-rs/?branch=D2D1_IIDs)" = "<none>"
"checksum utf8-ranges 0.1.3 (registry+https://github.com/rust-lang/crates.io-index)" = "a1ca13c08c41c9c3e04224ed9ff80461d97e121589ff27c753a16cb10830ae0f"
"checksum winapi 0.2.7 (git+https://github.com/red75prime/winapi-rs/?branch=D2D1_IIDs)" = "<none>"
"checksum winapi 0.2.8 (registry+https://github.com/rust-lang/crates.io-index)" = "167dc9d6949a9b857f3451275e911c3f44255842c1f7a76f33c55103a909087a"
"checksum winapi-build 0.1.1 (git+https://github.com/red75prime/winapi-rs/?branch=D2D1_IIDs)" = "<none>"
"checksum winapi-build 0.1.1 (registry+https://github.com/rust-lang/crates.io-index)" = "2d315eee3b34aca4797b2da6b13ed88266e6d612562a0c46390af8299fc699bc"
